// !$*UTF8*$!
{
	archiveVersion = 1;
	classes = {
	};
	objectVersion = 56;
	objects = {

/* Begin PBXBuildFile section */
		21B4E3892AF006FC000410DD /* AppDelegate.swift in Sources */ = {isa = PBXBuildFile; fileRef = 21B4E3882AF006FC000410DD /* AppDelegate.swift */; };
		21B4E38B2AF006FC000410DD /* SceneDelegate.swift in Sources */ = {isa = PBXBuildFile; fileRef = 21B4E38A2AF006FC000410DD /* SceneDelegate.swift */; };
		21B4E38D2AF006FC000410DD /* ViewController.swift in Sources */ = {isa = PBXBuildFile; fileRef = 21B4E38C2AF006FC000410DD /* ViewController.swift */; };
		21B4E3902AF006FC000410DD /* Main.storyboard in Resources */ = {isa = PBXBuildFile; fileRef = 21B4E38E2AF006FC000410DD /* Main.storyboard */; };
		21B4E3922AF006FD000410DD /* Assets.xcassets in Resources */ = {isa = PBXBuildFile; fileRef = 21B4E3912AF006FD000410DD /* Assets.xcassets */; };
		21B4E3952AF006FD000410DD /* LaunchScreen.storyboard in Resources */ = {isa = PBXBuildFile; fileRef = 21B4E3932AF006FD000410DD /* LaunchScreen.storyboard */; };
		21B4E3A02AF006FD000410DD /* timerTests.swift in Sources */ = {isa = PBXBuildFile; fileRef = 21B4E39F2AF006FD000410DD /* timerTests.swift */; };
		21B4E3AA2AF006FD000410DD /* timerUITests.swift in Sources */ = {isa = PBXBuildFile; fileRef = 21B4E3A92AF006FD000410DD /* timerUITests.swift */; };
		21B4E3AC2AF006FD000410DD /* timerUITestsLaunchTests.swift in Sources */ = {isa = PBXBuildFile; fileRef = 21B4E3AB2AF006FD000410DD /* timerUITestsLaunchTests.swift */; };
/* End PBXBuildFile section */

/* Begin PBXContainerItemProxy section */
		21B4E39C2AF006FD000410DD /* PBXContainerItemProxy */ = {
			isa = PBXContainerItemProxy;
			containerPortal = 21B4E37D2AF006FB000410DD /* Project object */;
			proxyType = 1;
			remoteGlobalIDString = 21B4E3842AF006FC000410DD;
			remoteInfo = timer;
		};
		21B4E3A62AF006FD000410DD /* PBXContainerItemProxy */ = {
			isa = PBXContainerItemProxy;
			containerPortal = 21B4E37D2AF006FB000410DD /* Project object */;
			proxyType = 1;
			remoteGlobalIDString = 21B4E3842AF006FC000410DD;
			remoteInfo = timer;
		};
/* End PBXContainerItemProxy section */

/* Begin PBXFileReference section */
		21B4E3852AF006FC000410DD /* timer.app */ = {isa = PBXFileReference; explicitFileType = wrapper.application; includeInIndex = 0; path = timer.app; sourceTree = BUILT_PRODUCTS_DIR; };
		21B4E3882AF006FC000410DD /* AppDelegate.swift */ = {isa = PBXFileReference; lastKnownFileType = sourcecode.swift; path = AppDelegate.swift; sourceTree = "<group>"; };
		21B4E38A2AF006FC000410DD /* SceneDelegate.swift */ = {isa = PBXFileReference; lastKnownFileType = sourcecode.swift; path = SceneDelegate.swift; sourceTree = "<group>"; };
		21B4E38C2AF006FC000410DD /* ViewController.swift */ = {isa = PBXFileReference; lastKnownFileType = sourcecode.swift; path = ViewController.swift; sourceTree = "<group>"; };
		21B4E38F2AF006FC000410DD /* Base */ = {isa = PBXFileReference; lastKnownFileType = file.storyboard; name = Base; path = Base.lproj/Main.storyboard; sourceTree = "<group>"; };
		21B4E3912AF006FD000410DD /* Assets.xcassets */ = {isa = PBXFileReference; lastKnownFileType = folder.assetcatalog; path = Assets.xcassets; sourceTree = "<group>"; };
		21B4E3942AF006FD000410DD /* Base */ = {isa = PBXFileReference; lastKnownFileType = file.storyboard; name = Base; path = Base.lproj/LaunchScreen.storyboard; sourceTree = "<group>"; };
		21B4E3962AF006FD000410DD /* Info.plist */ = {isa = PBXFileReference; lastKnownFileType = text.plist.xml; path = Info.plist; sourceTree = "<group>"; };
		21B4E39B2AF006FD000410DD /* timerTests.xctest */ = {isa = PBXFileReference; explicitFileType = wrapper.cfbundle; includeInIndex = 0; path = timerTests.xctest; sourceTree = BUILT_PRODUCTS_DIR; };
		21B4E39F2AF006FD000410DD /* timerTests.swift */ = {isa = PBXFileReference; lastKnownFileType = sourcecode.swift; path = timerTests.swift; sourceTree = "<group>"; };
		21B4E3A52AF006FD000410DD /* timerUITests.xctest */ = {isa = PBXFileReference; explicitFileType = wrapper.cfbundle; includeInIndex = 0; path = timerUITests.xctest; sourceTree = BUILT_PRODUCTS_DIR; };
		21B4E3A92AF006FD000410DD /* timerUITests.swift */ = {isa = PBXFileReference; lastKnownFileType = sourcecode.swift; path = timerUITests.swift; sourceTree = "<group>"; };
		21B4E3AB2AF006FD000410DD /* timerUITestsLaunchTests.swift */ = {isa = PBXFileReference; lastKnownFileType = sourcecode.swift; path = timerUITestsLaunchTests.swift; sourceTree = "<group>"; };
/* End PBXFileReference section */

/* Begin PBXFrameworksBuildPhase section */
		21B4E3822AF006FC000410DD /* Frameworks */ = {
			isa = PBXFrameworksBuildPhase;
			buildActionMask = 2147483647;
			files = (
			);
			runOnlyForDeploymentPostprocessing = 0;
		};
		21B4E3982AF006FD000410DD /* Frameworks */ = {
			isa = PBXFrameworksBuildPhase;
			buildActionMask = 2147483647;
			files = (
			);
			runOnlyForDeploymentPostprocessing = 0;
		};
		21B4E3A22AF006FD000410DD /* Frameworks */ = {
			isa = PBXFrameworksBuildPhase;
			buildActionMask = 2147483647;
			files = (
			);
			runOnlyForDeploymentPostprocessing = 0;
		};
/* End PBXFrameworksBuildPhase section */

/* Begin PBXGroup section */
		21B4E37C2AF006FB000410DD = {
			isa = PBXGroup;
			children = (
				21B4E3872AF006FC000410DD /* timer */,
				21B4E39E2AF006FD000410DD /* timerTests */,
				21B4E3A82AF006FD000410DD /* timerUITests */,
				21B4E3862AF006FC000410DD /* Products */,
			);
			sourceTree = "<group>";
		};
		21B4E3862AF006FC000410DD /* Products */ = {
			isa = PBXGroup;
			children = (
				21B4E3852AF006FC000410DD /* timer.app */,
				21B4E39B2AF006FD000410DD /* timerTests.xctest */,
				21B4E3A52AF006FD000410DD /* timerUITests.xctest */,
			);
			name = Products;
			sourceTree = "<group>";
		};
		21B4E3872AF006FC000410DD /* timer */ = {
			isa = PBXGroup;
			children = (
				21B4E3882AF006FC000410DD /* AppDelegate.swift */,
				21B4E38A2AF006FC000410DD /* SceneDelegate.swift */,
				21B4E38C2AF006FC000410DD /* ViewController.swift */,
				21B4E38E2AF006FC000410DD /* Main.storyboard */,
				21B4E3912AF006FD000410DD /* Assets.xcassets */,
				21B4E3932AF006FD000410DD /* LaunchScreen.storyboard */,
				21B4E3962AF006FD000410DD /* Info.plist */,
			);
			path = timer;
			sourceTree = "<group>";
		};
		21B4E39E2AF006FD000410DD /* timerTests */ = {
			isa = PBXGroup;
			children = (
				21B4E39F2AF006FD000410DD /* timerTests.swift */,
			);
			path = timerTests;
			sourceTree = "<group>";
		};
		21B4E3A82AF006FD000410DD /* timerUITests */ = {
			isa = PBXGroup;
			children = (
				21B4E3A92AF006FD000410DD /* timerUITests.swift */,
				21B4E3AB2AF006FD000410DD /* timerUITestsLaunchTests.swift */,
			);
			path = timerUITests;
			sourceTree = "<group>";
		};
/* End PBXGroup section */

/* Begin PBXNativeTarget section */
		21B4E3842AF006FC000410DD /* timer */ = {
			isa = PBXNativeTarget;
			buildConfigurationList = 21B4E3AF2AF006FD000410DD /* Build configuration list for PBXNativeTarget "timer" */;
			buildPhases = (
				21B4E3812AF006FC000410DD /* Sources */,
				21B4E3822AF006FC000410DD /* Frameworks */,
				21B4E3832AF006FC000410DD /* Resources */,
			);
			buildRules = (
			);
			dependencies = (
			);
			name = timer;
			productName = timer;
			productReference = 21B4E3852AF006FC000410DD /* timer.app */;
			productType = "com.apple.product-type.application";
		};
		21B4E39A2AF006FD000410DD /* timerTests */ = {
			isa = PBXNativeTarget;
			buildConfigurationList = 21B4E3B22AF006FD000410DD /* Build configuration list for PBXNativeTarget "timerTests" */;
			buildPhases = (
				21B4E3972AF006FD000410DD /* Sources */,
				21B4E3982AF006FD000410DD /* Frameworks */,
				21B4E3992AF006FD000410DD /* Resources */,
			);
			buildRules = (
			);
			dependencies = (
				21B4E39D2AF006FD000410DD /* PBXTargetDependency */,
			);
			name = timerTests;
			productName = timerTests;
			productReference = 21B4E39B2AF006FD000410DD /* timerTests.xctest */;
			productType = "com.apple.product-type.bundle.unit-test";
		};
		21B4E3A42AF006FD000410DD /* timerUITests */ = {
			isa = PBXNativeTarget;
			buildConfigurationList = 21B4E3B52AF006FD000410DD /* Build configuration list for PBXNativeTarget "timerUITests" */;
			buildPhases = (
				21B4E3A12AF006FD000410DD /* Sources */,
				21B4E3A22AF006FD000410DD /* Frameworks */,
				21B4E3A32AF006FD000410DD /* Resources */,
			);
			buildRules = (
			);
			dependencies = (
				21B4E3A72AF006FD000410DD /* PBXTargetDependency */,
			);
			name = timerUITests;
			productName = timerUITests;
			productReference = 21B4E3A52AF006FD000410DD /* timerUITests.xctest */;
			productType = "com.apple.product-type.bundle.ui-testing";
		};
/* End PBXNativeTarget section */

/* Begin PBXProject section */
		21B4E37D2AF006FB000410DD /* Project object */ = {
			isa = PBXProject;
			attributes = {
				BuildIndependentTargetsInParallel = 1;
				LastSwiftUpdateCheck = 1500;
				LastUpgradeCheck = 1500;
				TargetAttributes = {
					21B4E3842AF006FC000410DD = {
						CreatedOnToolsVersion = 15.0;
					};
					21B4E39A2AF006FD000410DD = {
						CreatedOnToolsVersion = 15.0;
						TestTargetID = 21B4E3842AF006FC000410DD;
					};
					21B4E3A42AF006FD000410DD = {
						CreatedOnToolsVersion = 15.0;
						TestTargetID = 21B4E3842AF006FC000410DD;
					};
				};
			};
			buildConfigurationList = 21B4E3802AF006FB000410DD /* Build configuration list for PBXProject "timer" */;
			compatibilityVersion = "Xcode 14.0";
			developmentRegion = en;
			hasScannedForEncodings = 0;
			knownRegions = (
				en,
				Base,
			);
			mainGroup = 21B4E37C2AF006FB000410DD;
			productRefGroup = 21B4E3862AF006FC000410DD /* Products */;
			projectDirPath = "";
			projectRoot = "";
			targets = (
				21B4E3842AF006FC000410DD /* timer */,
				21B4E39A2AF006FD000410DD /* timerTests */,
				21B4E3A42AF006FD000410DD /* timerUITests */,
			);
		};
/* End PBXProject section */

/* Begin PBXResourcesBuildPhase section */
		21B4E3832AF006FC000410DD /* Resources */ = {
			isa = PBXResourcesBuildPhase;
			buildActionMask = 2147483647;
			files = (
				21B4E3952AF006FD000410DD /* LaunchScreen.storyboard in Resources */,
				21B4E3922AF006FD000410DD /* Assets.xcassets in Resources */,
				21B4E3902AF006FC000410DD /* Main.storyboard in Resources */,
			);
			runOnlyForDeploymentPostprocessing = 0;
		};
		21B4E3992AF006FD000410DD /* Resources */ = {
			isa = PBXResourcesBuildPhase;
			buildActionMask = 2147483647;
			files = (
			);
			runOnlyForDeploymentPostprocessing = 0;
		};
		21B4E3A32AF006FD000410DD /* Resources */ = {
			isa = PBXResourcesBuildPhase;
			buildActionMask = 2147483647;
			files = (
			);
			runOnlyForDeploymentPostprocessing = 0;
		};
/* End PBXResourcesBuildPhase section */

/* Begin PBXSourcesBuildPhase section */
		21B4E3812AF006FC000410DD /* Sources */ = {
			isa = PBXSourcesBuildPhase;
			buildActionMask = 2147483647;
			files = (
				21B4E38D2AF006FC000410DD /* ViewController.swift in Sources */,
				21B4E3892AF006FC000410DD /* AppDelegate.swift in Sources */,
				21B4E38B2AF006FC000410DD /* SceneDelegate.swift in Sources */,
			);
			runOnlyForDeploymentPostprocessing = 0;
		};
		21B4E3972AF006FD000410DD /* Sources */ = {
			isa = PBXSourcesBuildPhase;
			buildActionMask = 2147483647;
			files = (
				21B4E3A02AF006FD000410DD /* timerTests.swift in Sources */,
			);
			runOnlyForDeploymentPostprocessing = 0;
		};
		21B4E3A12AF006FD000410DD /* Sources */ = {
			isa = PBXSourcesBuildPhase;
			buildActionMask = 2147483647;
			files = (
				21B4E3AC2AF006FD000410DD /* timerUITestsLaunchTests.swift in Sources */,
				21B4E3AA2AF006FD000410DD /* timerUITests.swift in Sources */,
			);
			runOnlyForDeploymentPostprocessing = 0;
		};
/* End PBXSourcesBuildPhase section */

/* Begin PBXTargetDependency section */
		21B4E39D2AF006FD000410DD /* PBXTargetDependency */ = {
			isa = PBXTargetDependency;
			target = 21B4E3842AF006FC000410DD /* timer */;
			targetProxy = 21B4E39C2AF006FD000410DD /* PBXContainerItemProxy */;
		};
		21B4E3A72AF006FD000410DD /* PBXTargetDependency */ = {
			isa = PBXTargetDependency;
			target = 21B4E3842AF006FC000410DD /* timer */;
			targetProxy = 21B4E3A62AF006FD000410DD /* PBXContainerItemProxy */;
		};
/* End PBXTargetDependency section */

/* Begin PBXVariantGroup section */
		21B4E38E2AF006FC000410DD /* Main.storyboard */ = {
			isa = PBXVariantGroup;
			children = (
				21B4E38F2AF006FC000410DD /* Base */,
			);
			name = Main.storyboard;
			sourceTree = "<group>";
		};
		21B4E3932AF006FD000410DD /* LaunchScreen.storyboard */ = {
			isa = PBXVariantGroup;
			children = (
				21B4E3942AF006FD000410DD /* Base */,
			);
			name = LaunchScreen.storyboard;
			sourceTree = "<group>";
		};
/* End PBXVariantGroup section */

/* Begin XCBuildConfiguration section */
		21B4E3AD2AF006FD000410DD /* Debug */ = {
			isa = XCBuildConfiguration;
			buildSettings = {
				ALWAYS_SEARCH_USER_PATHS = NO;
				ASSETCATALOG_COMPILER_GENERATE_SWIFT_ASSET_SYMBOL_EXTENSIONS = YES;
				CLANG_ANALYZER_NONNULL = YES;
				CLANG_ANALYZER_NUMBER_OBJECT_CONVERSION = YES_AGGRESSIVE;
				CLANG_CXX_LANGUAGE_STANDARD = "gnu++20";
				CLANG_ENABLE_MODULES = YES;
				CLANG_ENABLE_OBJC_ARC = YES;
				CLANG_ENABLE_OBJC_WEAK = YES;
				CLANG_WARN_BLOCK_CAPTURE_AUTORELEASING = YES;
				CLANG_WARN_BOOL_CONVERSION = YES;
				CLANG_WARN_COMMA = YES;
				CLANG_WARN_CONSTANT_CONVERSION = YES;
				CLANG_WARN_DEPRECATED_OBJC_IMPLEMENTATIONS = YES;
				CLANG_WARN_DIRECT_OBJC_ISA_USAGE = YES_ERROR;
				CLANG_WARN_DOCUMENTATION_COMMENTS = YES;
				CLANG_WARN_EMPTY_BODY = YES;
				CLANG_WARN_ENUM_CONVERSION = YES;
				CLANG_WARN_INFINITE_RECURSION = YES;
				CLANG_WARN_INT_CONVERSION = YES;
				CLANG_WARN_NON_LITERAL_NULL_CONVERSION = YES;
				CLANG_WARN_OBJC_IMPLICIT_RETAIN_SELF = YES;
				CLANG_WARN_OBJC_LITERAL_CONVERSION = YES;
				CLANG_WARN_OBJC_ROOT_CLASS = YES_ERROR;
				CLANG_WARN_QUOTED_INCLUDE_IN_FRAMEWORK_HEADER = YES;
				CLANG_WARN_RANGE_LOOP_ANALYSIS = YES;
				CLANG_WARN_STRICT_PROTOTYPES = YES;
				CLANG_WARN_SUSPICIOUS_MOVE = YES;
				CLANG_WARN_UNGUARDED_AVAILABILITY = YES_AGGRESSIVE;
				CLANG_WARN_UNREACHABLE_CODE = YES;
				CLANG_WARN__DUPLICATE_METHOD_MATCH = YES;
				COPY_PHASE_STRIP = NO;
				DEBUG_INFORMATION_FORMAT = dwarf;
				ENABLE_STRICT_OBJC_MSGSEND = YES;
				ENABLE_TESTABILITY = YES;
				ENABLE_USER_SCRIPT_SANDBOXING = YES;
				GCC_C_LANGUAGE_STANDARD = gnu17;
				GCC_DYNAMIC_NO_PIC = NO;
				GCC_NO_COMMON_BLOCKS = YES;
				GCC_OPTIMIZATION_LEVEL = 0;
				GCC_PREPROCESSOR_DEFINITIONS = (
					"DEBUG=1",
					"$(inherited)",
				);
				GCC_WARN_64_TO_32_BIT_CONVERSION = YES;
				GCC_WARN_ABOUT_RETURN_TYPE = YES_ERROR;
				GCC_WARN_UNDECLARED_SELECTOR = YES;
				GCC_WARN_UNINITIALIZED_AUTOS = YES_AGGRESSIVE;
				GCC_WARN_UNUSED_FUNCTION = YES;
				GCC_WARN_UNUSED_VARIABLE = YES;
				IPHONEOS_DEPLOYMENT_TARGET = 17.0;
				LOCALIZATION_PREFERS_STRING_CATALOGS = YES;
				MTL_ENABLE_DEBUG_INFO = INCLUDE_SOURCE;
				MTL_FAST_MATH = YES;
				ONLY_ACTIVE_ARCH = YES;
				SDKROOT = iphoneos;
				SWIFT_ACTIVE_COMPILATION_CONDITIONS = "DEBUG $(inherited)";
				SWIFT_OPTIMIZATION_LEVEL = "-Onone";
			};
			name = Debug;
		};
		21B4E3AE2AF006FD000410DD /* Release */ = {
			isa = XCBuildConfiguration;
			buildSettings = {
				ALWAYS_SEARCH_USER_PATHS = NO;
				ASSETCATALOG_COMPILER_GENERATE_SWIFT_ASSET_SYMBOL_EXTENSIONS = YES;
				CLANG_ANALYZER_NONNULL = YES;
				CLANG_ANALYZER_NUMBER_OBJECT_CONVERSION = YES_AGGRESSIVE;
				CLANG_CXX_LANGUAGE_STANDARD = "gnu++20";
				CLANG_ENABLE_MODULES = YES;
				CLANG_ENABLE_OBJC_ARC = YES;
				CLANG_ENABLE_OBJC_WEAK = YES;
				CLANG_WARN_BLOCK_CAPTURE_AUTORELEASING = YES;
				CLANG_WARN_BOOL_CONVERSION = YES;
				CLANG_WARN_COMMA = YES;
				CLANG_WARN_CONSTANT_CONVERSION = YES;
				CLANG_WARN_DEPRECATED_OBJC_IMPLEMENTATIONS = YES;
				CLANG_WARN_DIRECT_OBJC_ISA_USAGE = YES_ERROR;
				CLANG_WARN_DOCUMENTATION_COMMENTS = YES;
				CLANG_WARN_EMPTY_BODY = YES;
				CLANG_WARN_ENUM_CONVERSION = YES;
				CLANG_WARN_INFINITE_RECURSION = YES;
				CLANG_WARN_INT_CONVERSION = YES;
				CLANG_WARN_NON_LITERAL_NULL_CONVERSION = YES;
				CLANG_WARN_OBJC_IMPLICIT_RETAIN_SELF = YES;
				CLANG_WARN_OBJC_LITERAL_CONVERSION = YES;
				CLANG_WARN_OBJC_ROOT_CLASS = YES_ERROR;
				CLANG_WARN_QUOTED_INCLUDE_IN_FRAMEWORK_HEADER = YES;
				CLANG_WARN_RANGE_LOOP_ANALYSIS = YES;
				CLANG_WARN_STRICT_PROTOTYPES = YES;
				CLANG_WARN_SUSPICIOUS_MOVE = YES;
				CLANG_WARN_UNGUARDED_AVAILABILITY = YES_AGGRESSIVE;
				CLANG_WARN_UNREACHABLE_CODE = YES;
				CLANG_WARN__DUPLICATE_METHOD_MATCH = YES;
				COPY_PHASE_STRIP = NO;
				DEBUG_INFORMATION_FORMAT = "dwarf-with-dsym";
				ENABLE_NS_ASSERTIONS = NO;
				ENABLE_STRICT_OBJC_MSGSEND = YES;
				ENABLE_USER_SCRIPT_SANDBOXING = YES;
				GCC_C_LANGUAGE_STANDARD = gnu17;
				GCC_NO_COMMON_BLOCKS = YES;
				GCC_WARN_64_TO_32_BIT_CONVERSION = YES;
				GCC_WARN_ABOUT_RETURN_TYPE = YES_ERROR;
				GCC_WARN_UNDECLARED_SELECTOR = YES;
				GCC_WARN_UNINITIALIZED_AUTOS = YES_AGGRESSIVE;
				GCC_WARN_UNUSED_FUNCTION = YES;
				GCC_WARN_UNUSED_VARIABLE = YES;
				IPHONEOS_DEPLOYMENT_TARGET = 17.0;
				LOCALIZATION_PREFERS_STRING_CATALOGS = YES;
				MTL_ENABLE_DEBUG_INFO = NO;
				MTL_FAST_MATH = YES;
				SDKROOT = iphoneos;
				SWIFT_COMPILATION_MODE = wholemodule;
				VALIDATE_PRODUCT = YES;
			};
			name = Release;
		};
		21B4E3B02AF006FD000410DD /* Debug */ = {
			isa = XCBuildConfiguration;
			buildSettings = {
				ASSETCATALOG_COMPILER_APPICON_NAME = AppIcon;
				ASSETCATALOG_COMPILER_GLOBAL_ACCENT_COLOR_NAME = AccentColor;
				CODE_SIGN_STYLE = Automatic;
				CURRENT_PROJECT_VERSION = 1;
				GENERATE_INFOPLIST_FILE = YES;
				INFOPLIST_FILE = timer/Info.plist;
				INFOPLIST_KEY_UIApplicationSupportsIndirectInputEvents = YES;
				INFOPLIST_KEY_UILaunchStoryboardName = LaunchScreen;
				INFOPLIST_KEY_UIMainStoryboardFile = Main;
				INFOPLIST_KEY_UISupportedInterfaceOrientations_iPad = "UIInterfaceOrientationPortrait UIInterfaceOrientationPortraitUpsideDown UIInterfaceOrientationLandscapeLeft UIInterfaceOrientationLandscapeRight";
				INFOPLIST_KEY_UISupportedInterfaceOrientations_iPhone = "UIInterfaceOrientationPortrait UIInterfaceOrientationLandscapeLeft UIInterfaceOrientationLandscapeRight";
				LD_RUNPATH_SEARCH_PATHS = (
					"$(inherited)",
					"@executable_path/Frameworks",
				);
				MARKETING_VERSION = 1.0;
				PRODUCT_BUNDLE_IDENTIFIER = Baigali.timer;
				PRODUCT_NAME = "$(TARGET_NAME)";
				SWIFT_EMIT_LOC_STRINGS = YES;
				SWIFT_VERSION = 5.0;
				TARGETED_DEVICE_FAMILY = "1,2";
			};
			name = Debug;
		};
		21B4E3B12AF006FD000410DD /* Release */ = {
			isa = XCBuildConfiguration;
			buildSettings = {
				ASSETCATALOG_COMPILER_APPICON_NAME = AppIcon;
				ASSETCATALOG_COMPILER_GLOBAL_ACCENT_COLOR_NAME = AccentColor;
				CODE_SIGN_STYLE = Automatic;
				CURRENT_PROJECT_VERSION = 1;
				GENERATE_INFOPLIST_FILE = YES;
				INFOPLIST_FILE = timer/Info.plist;
				INFOPLIST_KEY_UIApplicationSupportsIndirectInputEvents = YES;
				INFOPLIST_KEY_UILaunchStoryboardName = LaunchScreen;
				INFOPLIST_KEY_UIMainStoryboardFile = Main;
				INFOPLIST_KEY_UISupportedInterfaceOrientations_iPad = "UIInterfaceOrientationPortrait UIInterfaceOrientationPortraitUpsideDown UIInterfaceOrientationLandscapeLeft UIInterfaceOrientationLandscapeRight";
				INFOPLIST_KEY_UISupportedInterfaceOrientations_iPhone = "UIInterfaceOrientationPortrait UIInterfaceOrientationLandscapeLeft UIInterfaceOrientationLandscapeRight";
				LD_RUNPATH_SEARCH_PATHS = (
					"$(inherited)",
					"@executable_path/Frameworks",
				);
				MARKETING_VERSION = 1.0;
				PRODUCT_BUNDLE_IDENTIFIER = Baigali.timer;
				PRODUCT_NAME = "$(TARGET_NAME)";
				SWIFT_EMIT_LOC_STRINGS = YES;
				SWIFT_VERSION = 5.0;
				TARGETED_DEVICE_FAMILY = "1,2";
			};
			name = Release;
		};
		21B4E3B32AF006FD000410DD /* Debug */ = {
			isa = XCBuildConfiguration;
			buildSettings = {
				ALWAYS_EMBED_SWIFT_STANDARD_LIBRARIES = YES;
				BUNDLE_LOADER = "$(TEST_HOST)";
				CODE_SIGN_STYLE = Automatic;
				CURRENT_PROJECT_VERSION = 1;
				GENERATE_INFOPLIST_FILE = YES;
				IPHONEOS_DEPLOYMENT_TARGET = 17.0;
				MARKETING_VERSION = 1.0;
				PRODUCT_BUNDLE_IDENTIFIER = Baigali.timerTests;
				PRODUCT_NAME = "$(TARGET_NAME)";
				SWIFT_EMIT_LOC_STRINGS = NO;
				SWIFT_VERSION = 5.0;
				TARGETED_DEVICE_FAMILY = "1,2";
				TEST_HOST = "$(BUILT_PRODUCTS_DIR)/timer.app/$(BUNDLE_EXECUTABLE_FOLDER_PATH)/timer";
			};
			name = Debug;
		};
		21B4E3B42AF006FD000410DD /* Release */ = {
			isa = XCBuildConfiguration;
			buildSettings = {
				ALWAYS_EMBED_SWIFT_STANDARD_LIBRARIES = YES;
				BUNDLE_LOADER = "$(TEST_HOST)";
				CODE_SIGN_STYLE = Automatic;
				CURRENT_PROJECT_VERSION = 1;
				GENERATE_INFOPLIST_FILE = YES;
				IPHONEOS_DEPLOYMENT_TARGET = 17.0;
				MARKETING_VERSION = 1.0;
				PRODUCT_BUNDLE_IDENTIFIER = Baigali.timerTests;
				PRODUCT_NAME = "$(TARGET_NAME)";
				SWIFT_EMIT_LOC_STRINGS = NO;
				SWIFT_VERSION = 5.0;
				TARGETED_DEVICE_FAMILY = "1,2";
				TEST_HOST = "$(BUILT_PRODUCTS_DIR)/timer.app/$(BUNDLE_EXECUTABLE_FOLDER_PATH)/timer";
			};
			name = Release;
		};
		21B4E3B62AF006FD000410DD /* Debug */ = {
			isa = XCBuildConfiguration;
			buildSettings = {
				ALWAYS_EMBED_SWIFT_STANDARD_LIBRARIES = YES;
				CODE_SIGN_STYLE = Automatic;
				CURRENT_PROJECT_VERSION = 1;
				GENERATE_INFOPLIST_FILE = YES;
				MARKETING_VERSION = 1.0;
				PRODUCT_BUNDLE_IDENTIFIER = Baigali.timerUITests;
				PRODUCT_NAME = "$(TARGET_NAME)";
				SWIFT_EMIT_LOC_STRINGS = NO;
				SWIFT_VERSION = 5.0;
				TARGETED_DEVICE_FAMILY = "1,2";
				TEST_TARGET_NAME = timer;
			};
			name = Debug;
		};
		21B4E3B72AF006FD000410DD /* Release */ = {
			isa = XCBuildConfiguration;
			buildSettings = {
				ALWAYS_EMBED_SWIFT_STANDARD_LIBRARIES = YES;
				CODE_SIGN_STYLE = Automatic;
				CURRENT_PROJECT_VERSION = 1;
				GENERATE_INFOPLIST_FILE = YES;
				MARKETING_VERSION = 1.0;
				PRODUCT_BUNDLE_IDENTIFIER = Baigali.timerUITests;
				PRODUCT_NAME = "$(TARGET_NAME)";
				SWIFT_EMIT_LOC_STRINGS = NO;
				SWIFT_VERSION = 5.0;
				TARGETED_DEVICE_FAMILY = "1,2";
				TEST_TARGET_NAME = timer;
			};
			name = Release;
		};
/* End XCBuildConfiguration section */

/* Begin XCConfigurationList section */
		21B4E3802AF006FB000410DD /* Build configuration list for PBXProject "timer" */ = {
			isa = XCConfigurationList;
			buildConfigurations = (
				21B4E3AD2AF006FD000410DD /* Debug */,
				21B4E3AE2AF006FD000410DD /* Release */,
			);
			defaultConfigurationIsVisible = 0;
			defaultConfigurationName = Release;
		};
		21B4E3AF2AF006FD000410DD /* Build configuration list for PBXNativeTarget "timer" */ = {
			isa = XCConfigurationList;
			buildConfigurations = (
				21B4E3B02AF006FD000410DD /* Debug */,
				21B4E3B12AF006FD000410DD /* Release */,
			);
			defaultConfigurationIsVisible = 0;
			defaultConfigurationName = Release;
		};
		21B4E3B22AF006FD000410DD /* Build configuration list for PBXNativeTarget "timerTests" */ = {
			isa = XCConfigurationList;
			buildConfigurations = (
				21B4E3B32AF006FD000410DD /* Debug */,
				21B4E3B42AF006FD000410DD /* Release */,
			);
			defaultConfigurationIsVisible = 0;
			defaultConfigurationName = Release;
		};
		21B4E3B52AF006FD000410DD /* Build configuration list for PBXNativeTarget "timerUITests" */ = {
			isa = XCConfigurationList;
			buildConfigurations = (
				21B4E3B62AF006FD000410DD /* Debug */,
				21B4E3B72AF006FD000410DD /* Release */,
			);
			defaultConfigurationIsVisible = 0;
			defaultConfigurationName = Release;
		};
/* End XCConfigurationList section */
	};
	rootObject = 21B4E37D2AF006FB000410DD /* Project object */;
}
